{
  "originHash" : "b029594a78f380b87ca8b01e38e3373039faf1a0a24c556b9b571e1421ffb7e7",
  "pins" : [
    {
      "identity" : "zodiackit",
      "kind" : "remoteSourceControl",
      "location" : "https://github.com/markbattistella/ZodiacKit",
      "state" : {
        "revision" : "e8780aa817b92238a9216f6311ea4f7cb6cad07b",
        "version" : "2.1.1"
      }
    }
  ],
  "version" : 3
}
